
Microsoft Visual Studio Solution File, Format Version 12.00
# Visual Studio Version 16
VisualStudioVersion = 16.0.31624.102
MinimumVisualStudioVersion = 10.0.40219.1
Project("{FAE04EC0-301F-11D3-BF4B-00C04F79EFBC}") = "VideoConvertExample", "VideoConvertExample\VideoConvertExample.csproj", "{F12F0636-E954-4BA3-94A1-2FC009A9F8EE}"
EndProject
Global
	GlobalSection(SolutionConfigurationPlatforms) = preSolution
		Debug|Any CPU = Debug|Any CPU
		Release|Any CPU = Release|Any CPU
	EndGlobalSection
	GlobalSection(ProjectConfigurationPlatforms) = postSolution
		{F12F0636-E954-4BA3-94A1-2FC009A9F8EE}.Debug|Any CPU.ActiveCfg = Debug|Any CPU
		{F12F0636-E954-4BA3-94A1-2FC009A9F8EE}.Debug|Any CPU.Build.0 = Debug|Any CPU
		{F12F0636-E954-4BA3-94A1-2FC009A9F8EE}.Release|Any CPU.ActiveCfg = Release|Any CPU
		{F12F0636-E954-4BA3-94A1-2FC009A9F8EE}.Release|Any CPU.Build.0 = Release|Any CPU
	EndGlobalSection
	GlobalSection(SolutionProperties) = preSolution
		HideSolutionNode = FALSE
	EndGlobalSection
	GlobalSection(ExtensibilityGlobals) = postSolution
		SolutionGuid = {1AEE4BE9-97C7-4CB7-9CAC-CDF044A6374A}
	EndGlobalSection
EndGlobal
